
Microsoft Visual Studio Solution File, Format Version 12.00
# Visual Studio Version 16
VisualStudioVersion = 16.0.30114.105
MinimumVisualStudioVersion = 10.0.40219.1
Project("{FAE04EC0-301F-11D3-BF4B-00C04F79EFBC}") = "RestaurantMenu", "RestaurantMenu\RestaurantMenu.csproj", "{50492770-E1A6-4BA7-943A-DB879E10395B}"
EndProject
Global
	GlobalSection(SolutionConfigurationPlatforms) = preSolution
		Debug|Any CPU = Debug|Any CPU
		Release|Any CPU = Release|Any CPU
	EndGlobalSection
	GlobalSection(ProjectConfigurationPlatforms) = postSolution
		{50492770-E1A6-4BA7-943A-DB879E10395B}.Debug|Any CPU.ActiveCfg = Debug|Any CPU
		{50492770-E1A6-4BA7-943A-DB879E10395B}.Debug|Any CPU.Build.0 = Debug|Any CPU
		{50492770-E1A6-4BA7-943A-DB879E10395B}.Release|Any CPU.ActiveCfg = Release|Any CPU
		{50492770-E1A6-4BA7-943A-DB879E10395B}.Release|Any CPU.Build.0 = Release|Any CPU
	EndGlobalSection
	GlobalSection(SolutionProperties) = preSolution
		HideSolutionNode = FALSE
	EndGlobalSection
	GlobalSection(ExtensibilityGlobals) = postSolution
		SolutionGuid = {BA219A20-0290-4921-814D-955FB10670DE}
	EndGlobalSection
EndGlobal
